{
  "name": "house3d",
  "lockfileVersion": 3,
  "requires": true,
  "packages": {
    "": {
      "dependencies": {
        "@mlightcad/libredwg-web": "^0.7.7"
      }
    },
    "node_modules/@mlightcad/libredwg-web": {
      "version": "0.7.7",
      "resolved": "https://registry.npmjs.org/@mlightcad/libredwg-web/-/libredwg-web-0.7.7.tgz",
      "integrity": "sha512-JnEug2IVXafUecM9/WCQgH8mJRliaEq0Uxu3Mxt0Zk82n1MrSd25iA0Boo7e7t9qVwRPxQLGFxWoyPIrAeTy4w==",
      "license": "GPL-3.0",
      "engines": {
        "node": ">=20"
      }
    }
  }
}
